
Microsoft Visual Studio Solution File, Format Version 12.00
# Visual Studio 15
Project("{FAE04EC0-301F-11D3-BF4B-00C04F79EFBC}") = "Assembly-CSharp", "Assembly-CSharp.csproj", "{B0A40E9A-73A3-1640-6ADE-0021F8A0772C}"
EndProject
Project("{FAE04EC0-301F-11D3-BF4B-00C04F79EFBC}") = "PathCreator", "PathCreator.csproj", "{9F175CF5-F58E-41F0-4ACF-59FEBBAB3CE9}"
EndProject
Project("{FAE04EC0-301F-11D3-BF4B-00C04F79EFBC}") = "PathCreatorEditor", "PathCreatorEditor.csproj", "{227563EF-FDC9-EC3C-7058-CB915A47A49C}"
EndProject
Project("{FAE04EC0-301F-11D3-BF4B-00C04F79EFBC}") = "Assembly-CSharp-Editor", "Assembly-CSharp-Editor.csproj", "{6BECBF0D-8C71-E66A-AC9B-C5AB1429E715}"
EndProject
Global
	GlobalSection(SolutionConfigurationPlatforms) = preSolution
		Debug|Any CPU = Debug|Any CPU
		Release|Any CPU = Release|Any CPU
	EndGlobalSection
	GlobalSection(ProjectConfigurationPlatforms) = postSolution
		{B0A40E9A-73A3-1640-6ADE-0021F8A0772C}.Debug|Any CPU.ActiveCfg = Debug|Any CPU
		{B0A40E9A-73A3-1640-6ADE-0021F8A0772C}.Debug|Any CPU.Build.0 = Debug|Any CPU
		{B0A40E9A-73A3-1640-6ADE-0021F8A0772C}.Release|Any CPU.ActiveCfg = Release|Any CPU
		{B0A40E9A-73A3-1640-6ADE-0021F8A0772C}.Release|Any CPU.Build.0 = Release|Any CPU
		{9F175CF5-F58E-41F0-4ACF-59FEBBAB3CE9}.Debug|Any CPU.ActiveCfg = Debug|Any CPU
		{9F175CF5-F58E-41F0-4ACF-59FEBBAB3CE9}.Debug|Any CPU.Build.0 = Debug|Any CPU
		{9F175CF5-F58E-41F0-4ACF-59FEBBAB3CE9}.Release|Any CPU.ActiveCfg = Release|Any CPU
		{9F175CF5-F58E-41F0-4ACF-59FEBBAB3CE9}.Release|Any CPU.Build.0 = Release|Any CPU
		{227563EF-FDC9-EC3C-7058-CB915A47A49C}.Debug|Any CPU.ActiveCfg = Debug|Any CPU
		{227563EF-FDC9-EC3C-7058-CB915A47A49C}.Debug|Any CPU.Build.0 = Debug|Any CPU
		{227563EF-FDC9-EC3C-7058-CB915A47A49C}.Release|Any CPU.ActiveCfg = Release|Any CPU
		{227563EF-FDC9-EC3C-7058-CB915A47A49C}.Release|Any CPU.Build.0 = Release|Any CPU
		{6BECBF0D-8C71-E66A-AC9B-C5AB1429E715}.Debug|Any CPU.ActiveCfg = Debug|Any CPU
		{6BECBF0D-8C71-E66A-AC9B-C5AB1429E715}.Debug|Any CPU.Build.0 = Debug|Any CPU
		{6BECBF0D-8C71-E66A-AC9B-C5AB1429E715}.Release|Any CPU.ActiveCfg = Release|Any CPU
		{6BECBF0D-8C71-E66A-AC9B-C5AB1429E715}.Release|Any CPU.Build.0 = Release|Any CPU
	EndGlobalSection
	GlobalSection(SolutionProperties) = preSolution
		HideSolutionNode = FALSE
	EndGlobalSection
EndGlobal
